// !$*UTF8*$!
{
	archiveVersion = 1;
	classes = {
	};
	objectVersion = 56;
	objects = {

/* Begin PBXBuildFile section */
		344351D028F6C0FC00C362E6 /* VolumeControlApp.swift in Sources */ = {isa = PBXBuildFile; fileRef = 344351CF28F6C0FC00C362E6 /* VolumeControlApp.swift */; };
		344351D228F6C0FC00C362E6 /* ContentView.swift in Sources */ = {isa = PBXBuildFile; fileRef = 344351D128F6C0FC00C362E6 /* ContentView.swift */; };
		344351D428F6C0FD00C362E6 /* Assets.xcassets in Resources */ = {isa = PBXBuildFile; fileRef = 344351D328F6C0FD00C362E6 /* Assets.xcassets */; };
		344351D728F6C0FD00C362E6 /* Preview Assets.xcassets in Resources */ = {isa = PBXBuildFile; fileRef = 344351D628F6C0FD00C362E6 /* Preview Assets.xcassets */; };
		344351E128F6C0FE00C362E6 /* VolumeControlTests.swift in Sources */ = {isa = PBXBuildFile; fileRef = 344351E028F6C0FE00C362E6 /* VolumeControlTests.swift */; };
		344351EB28F6C0FE00C362E6 /* VolumeControlUITests.swift in Sources */ = {isa = PBXBuildFile; fileRef = 344351EA28F6C0FE00C362E6 /* VolumeControlUITests.swift */; };
		344351ED28F6C0FE00C362E6 /* VolumeControlUITestsLaunchTests.swift in Sources */ = {isa = PBXBuildFile; fileRef = 344351EC28F6C0FE00C362E6 /* VolumeControlUITestsLaunchTests.swift */; };
		344351FB28F6C18900C362E6 /* GraySubmitButton.swift in Sources */ = {isa = PBXBuildFile; fileRef = 344351FA28F6C18900C362E6 /* GraySubmitButton.swift */; };
		3443520028F6C59B00C362E6 /* InputTextField.swift in Sources */ = {isa = PBXBuildFile; fileRef = 344351FF28F6C59B00C362E6 /* InputTextField.swift */; };
		3443520528F6CB0000C362E6 /* InputGroupContentView.swift in Sources */ = {isa = PBXBuildFile; fileRef = 3443520428F6CB0000C362E6 /* InputGroupContentView.swift */; };
		3443520728F6F64B00C362E6 /* MeterItemButton.swift in Sources */ = {isa = PBXBuildFile; fileRef = 3443520628F6F64B00C362E6 /* MeterItemButton.swift */; };
		3495370B28F75A0F0069C917 /* TextField+Extra.swift in Sources */ = {isa = PBXBuildFile; fileRef = 3495370A28F75A0F0069C917 /* TextField+Extra.swift */; };
/* End PBXBuildFile section */

/* Begin PBXContainerItemProxy section */
		344351DD28F6C0FE00C362E6 /* PBXContainerItemProxy */ = {
			isa = PBXContainerItemProxy;
			containerPortal = 344351C428F6C0FC00C362E6 /* Project object */;
			proxyType = 1;
			remoteGlobalIDString = 344351CB28F6C0FC00C362E6;
			remoteInfo = VolumeControl;
		};
		344351E728F6C0FE00C362E6 /* PBXContainerItemProxy */ = {
			isa = PBXContainerItemProxy;
			containerPortal = 344351C428F6C0FC00C362E6 /* Project object */;
			proxyType = 1;
			remoteGlobalIDString = 344351CB28F6C0FC00C362E6;
			remoteInfo = VolumeControl;
		};
/* End PBXContainerItemProxy section */

/* Begin PBXFileReference section */
		344351CC28F6C0FC00C362E6 /* VolumeControl.app */ = {isa = PBXFileReference; explicitFileType = wrapper.application; includeInIndex = 0; path = VolumeControl.app; sourceTree = BUILT_PRODUCTS_DIR; };
		344351CF28F6C0FC00C362E6 /* VolumeControlApp.swift */ = {isa = PBXFileReference; lastKnownFileType = sourcecode.swift; path = VolumeControlApp.swift; sourceTree = "<group>"; };
		344351D128F6C0FC00C362E6 /* ContentView.swift */ = {isa = PBXFileReference; lastKnownFileType = sourcecode.swift; path = ContentView.swift; sourceTree = "<group>"; };
		344351D328F6C0FD00C362E6 /* Assets.xcassets */ = {isa = PBXFileReference; lastKnownFileType = folder.assetcatalog; path = Assets.xcassets; sourceTree = "<group>"; };
		344351D628F6C0FD00C362E6 /* Preview Assets.xcassets */ = {isa = PBXFileReference; lastKnownFileType = folder.assetcatalog; path = "Preview Assets.xcassets"; sourceTree = "<group>"; };
		344351DC28F6C0FE00C362E6 /* VolumeControlTests.xctest */ = {isa = PBXFileReference; explicitFileType = wrapper.cfbundle; includeInIndex = 0; path = VolumeControlTests.xctest; sourceTree = BUILT_PRODUCTS_DIR; };
		344351E028F6C0FE00C362E6 /* VolumeControlTests.swift */ = {isa = PBXFileReference; lastKnownFileType = sourcecode.swift; path = VolumeControlTests.swift; sourceTree = "<group>"; };
		344351E628F6C0FE00C362E6 /* VolumeControlUITests.xctest */ = {isa = PBXFileReference; explicitFileType = wrapper.cfbundle; includeInIndex = 0; path = VolumeControlUITests.xctest; sourceTree = BUILT_PRODUCTS_DIR; };
		344351EA28F6C0FE00C362E6 /* VolumeControlUITests.swift */ = {isa = PBXFileReference; lastKnownFileType = sourcecode.swift; path = VolumeControlUITests.swift; sourceTree = "<group>"; };
		344351EC28F6C0FE00C362E6 /* VolumeControlUITestsLaunchTests.swift */ = {isa = PBXFileReference; lastKnownFileType = sourcecode.swift; path = VolumeControlUITestsLaunchTests.swift; sourceTree = "<group>"; };
		344351FA28F6C18900C362E6 /* GraySubmitButton.swift */ = {isa = PBXFileReference; lastKnownFileType = sourcecode.swift; path = GraySubmitButton.swift; sourceTree = "<group>"; };
		344351FF28F6C59B00C362E6 /* InputTextField.swift */ = {isa = PBXFileReference; lastKnownFileType = sourcecode.swift; path = InputTextField.swift; sourceTree = "<group>"; };
		3443520428F6CB0000C362E6 /* InputGroupContentView.swift */ = {isa = PBXFileReference; lastKnownFileType = sourcecode.swift; path = InputGroupContentView.swift; sourceTree = "<group>"; };
		3443520628F6F64B00C362E6 /* MeterItemButton.swift */ = {isa = PBXFileReference; lastKnownFileType = sourcecode.swift; path = MeterItemButton.swift; sourceTree = "<group>"; };
		3495370A28F75A0F0069C917 /* TextField+Extra.swift */ = {isa = PBXFileReference; lastKnownFileType = sourcecode.swift; path = "TextField+Extra.swift"; sourceTree = "<group>"; };
/* End PBXFileReference section */

/* Begin PBXFrameworksBuildPhase section */
		344351C928F6C0FC00C362E6 /* Frameworks */ = {
			isa = PBXFrameworksBuildPhase;
			buildActionMask = 2147483647;
			files = (
			);
			runOnlyForDeploymentPostprocessing = 0;
		};
		344351D928F6C0FE00C362E6 /* Frameworks */ = {
			isa = PBXFrameworksBuildPhase;
			buildActionMask = 2147483647;
			files = (
			);
			runOnlyForDeploymentPostprocessing = 0;
		};
		344351E328F6C0FE00C362E6 /* Frameworks */ = {
			isa = PBXFrameworksBuildPhase;
			buildActionMask = 2147483647;
			files = (
			);
			runOnlyForDeploymentPostprocessing = 0;
		};
/* End PBXFrameworksBuildPhase section */

/* Begin PBXGroup section */
		344351C328F6C0FC00C362E6 = {
			isa = PBXGroup;
			children = (
				344351CE28F6C0FC00C362E6 /* VolumeControl */,
				344351DF28F6C0FE00C362E6 /* VolumeControlTests */,
				344351E928F6C0FE00C362E6 /* VolumeControlUITests */,
				344351CD28F6C0FC00C362E6 /* Products */,
			);
			sourceTree = "<group>";
		};
		344351CD28F6C0FC00C362E6 /* Products */ = {
			isa = PBXGroup;
			children = (
				344351CC28F6C0FC00C362E6 /* VolumeControl.app */,
				344351DC28F6C0FE00C362E6 /* VolumeControlTests.xctest */,
				344351E628F6C0FE00C362E6 /* VolumeControlUITests.xctest */,
			);
			name = Products;
			sourceTree = "<group>";
		};
		344351CE28F6C0FC00C362E6 /* VolumeControl */ = {
			isa = PBXGroup;
			children = (
				344351FC28F6C3D500C362E6 /* Extensions */,
				344351F928F6C17400C362E6 /* Elements */,
				344351CF28F6C0FC00C362E6 /* VolumeControlApp.swift */,
				344351D128F6C0FC00C362E6 /* ContentView.swift */,
				344351D328F6C0FD00C362E6 /* Assets.xcassets */,
				344351D528F6C0FD00C362E6 /* Preview Content */,
			);
			path = VolumeControl;
			sourceTree = "<group>";
		};
		344351D528F6C0FD00C362E6 /* Preview Content */ = {
			isa = PBXGroup;
			children = (
				344351D628F6C0FD00C362E6 /* Preview Assets.xcassets */,
			);
			path = "Preview Content";
			sourceTree = "<group>";
		};
		344351DF28F6C0FE00C362E6 /* VolumeControlTests */ = {
			isa = PBXGroup;
			children = (
				344351E028F6C0FE00C362E6 /* VolumeControlTests.swift */,
			);
			path = VolumeControlTests;
			sourceTree = "<group>";
		};
		344351E928F6C0FE00C362E6 /* VolumeControlUITests */ = {
			isa = PBXGroup;
			children = (
				344351EA28F6C0FE00C362E6 /* VolumeControlUITests.swift */,
				344351EC28F6C0FE00C362E6 /* VolumeControlUITestsLaunchTests.swift */,
			);
			path = VolumeControlUITests;
			sourceTree = "<group>";
		};
		344351F928F6C17400C362E6 /* Elements */ = {
			isa = PBXGroup;
			children = (
				344351FA28F6C18900C362E6 /* GraySubmitButton.swift */,
				344351FF28F6C59B00C362E6 /* InputTextField.swift */,
				3443520428F6CB0000C362E6 /* InputGroupContentView.swift */,
				3443520628F6F64B00C362E6 /* MeterItemButton.swift */,
			);
			path = Elements;
			sourceTree = "<group>";
		};
		344351FC28F6C3D500C362E6 /* Extensions */ = {
			isa = PBXGroup;
			children = (
				3495370A28F75A0F0069C917 /* TextField+Extra.swift */,
			);
			path = Extensions;
			sourceTree = "<group>";
		};
/* End PBXGroup section */

/* Begin PBXNativeTarget section */
		344351CB28F6C0FC00C362E6 /* VolumeControl */ = {
			isa = PBXNativeTarget;
			buildConfigurationList = 344351F028F6C0FE00C362E6 /* Build configuration list for PBXNativeTarget "VolumeControl" */;
			buildPhases = (
				344351C828F6C0FC00C362E6 /* Sources */,
				344351C928F6C0FC00C362E6 /* Frameworks */,
				344351CA28F6C0FC00C362E6 /* Resources */,
			);
			buildRules = (
			);
			dependencies = (
			);
			name = VolumeControl;
			productName = VolumeControl;
			productReference = 344351CC28F6C0FC00C362E6 /* VolumeControl.app */;
			productType = "com.apple.product-type.application";
		};
		344351DB28F6C0FE00C362E6 /* VolumeControlTests */ = {
			isa = PBXNativeTarget;
			buildConfigurationList = 344351F328F6C0FE00C362E6 /* Build configuration list for PBXNativeTarget "VolumeControlTests" */;
			buildPhases = (
				344351D828F6C0FE00C362E6 /* Sources */,
				344351D928F6C0FE00C362E6 /* Frameworks */,
				344351DA28F6C0FE00C362E6 /* Resources */,
			);
			buildRules = (
			);
			dependencies = (
				344351DE28F6C0FE00C362E6 /* PBXTargetDependency */,
			);
			name = VolumeControlTests;
			productName = VolumeControlTests;
			productReference = 344351DC28F6C0FE00C362E6 /* VolumeControlTests.xctest */;
			productType = "com.apple.product-type.bundle.unit-test";
		};
		344351E528F6C0FE00C362E6 /* VolumeControlUITests */ = {
			isa = PBXNativeTarget;
			buildConfigurationList = 344351F628F6C0FE00C362E6 /* Build configuration list for PBXNativeTarget "VolumeControlUITests" */;
			buildPhases = (
				344351E228F6C0FE00C362E6 /* Sources */,
				344351E328F6C0FE00C362E6 /* Frameworks */,
				344351E428F6C0FE00C362E6 /* Resources */,
			);
			buildRules = (
			);
			dependencies = (
				344351E828F6C0FE00C362E6 /* PBXTargetDependency */,
			);
			name = VolumeControlUITests;
			productName = VolumeControlUITests;
			productReference = 344351E628F6C0FE00C362E6 /* VolumeControlUITests.xctest */;
			productType = "com.apple.product-type.bundle.ui-testing";
		};
/* End PBXNativeTarget section */

/* Begin PBXProject section */
		344351C428F6C0FC00C362E6 /* Project object */ = {
			isa = PBXProject;
			attributes = {
				BuildIndependentTargetsInParallel = 1;
				LastSwiftUpdateCheck = 1400;
				LastUpgradeCheck = 1400;
				TargetAttributes = {
					344351CB28F6C0FC00C362E6 = {
						CreatedOnToolsVersion = 14.0.1;
					};
					344351DB28F6C0FE00C362E6 = {
						CreatedOnToolsVersion = 14.0.1;
						TestTargetID = 344351CB28F6C0FC00C362E6;
					};
					344351E528F6C0FE00C362E6 = {
						CreatedOnToolsVersion = 14.0.1;
						TestTargetID = 344351CB28F6C0FC00C362E6;
					};
				};
			};
			buildConfigurationList = 344351C728F6C0FC00C362E6 /* Build configuration list for PBXProject "VolumeControl" */;
			compatibilityVersion = "Xcode 14.0";
			developmentRegion = en;
			hasScannedForEncodings = 0;
			knownRegions = (
				en,
				Base,
			);
			mainGroup = 344351C328F6C0FC00C362E6;
			productRefGroup = 344351CD28F6C0FC00C362E6 /* Products */;
			projectDirPath = "";
			projectRoot = "";
			targets = (
				344351CB28F6C0FC00C362E6 /* VolumeControl */,
				344351DB28F6C0FE00C362E6 /* VolumeControlTests */,
				344351E528F6C0FE00C362E6 /* VolumeControlUITests */,
			);
		};
/* End PBXProject section */

/* Begin PBXResourcesBuildPhase section */
		344351CA28F6C0FC00C362E6 /* Resources */ = {
			isa = PBXResourcesBuildPhase;
			buildActionMask = 2147483647;
			files = (
				344351D728F6C0FD00C362E6 /* Preview Assets.xcassets in Resources */,
				344351D428F6C0FD00C362E6 /* Assets.xcassets in Resources */,
			);
			runOnlyForDeploymentPostprocessing = 0;
		};
		344351DA28F6C0FE00C362E6 /* Resources */ = {
			isa = PBXResourcesBuildPhase;
			buildActionMask = 2147483647;
			files = (
			);
			runOnlyForDeploymentPostprocessing = 0;
		};
		344351E428F6C0FE00C362E6 /* Resources */ = {
			isa = PBXResourcesBuildPhase;
			buildActionMask = 2147483647;
			files = (
			);
			runOnlyForDeploymentPostprocessing = 0;
		};
/* End PBXResourcesBuildPhase section */

/* Begin PBXSourcesBuildPhase section */
		344351C828F6C0FC00C362E6 /* Sources */ = {
			isa = PBXSourcesBuildPhase;
			buildActionMask = 2147483647;
			files = (
				3443520028F6C59B00C362E6 /* InputTextField.swift in Sources */,
				3443520528F6CB0000C362E6 /* InputGroupContentView.swift in Sources */,
				3495370B28F75A0F0069C917 /* TextField+Extra.swift in Sources */,
				3443520728F6F64B00C362E6 /* MeterItemButton.swift in Sources */,
				344351FB28F6C18900C362E6 /* GraySubmitButton.swift in Sources */,
				344351D228F6C0FC00C362E6 /* ContentView.swift in Sources */,
				344351D028F6C0FC00C362E6 /* VolumeControlApp.swift in Sources */,
			);
			runOnlyForDeploymentPostprocessing = 0;
		};
		344351D828F6C0FE00C362E6 /* Sources */ = {
			isa = PBXSourcesBuildPhase;
			buildActionMask = 2147483647;
			files = (
				344351E128F6C0FE00C362E6 /* VolumeControlTests.swift in Sources */,
			);
			runOnlyForDeploymentPostprocessing = 0;
		};
		344351E228F6C0FE00C362E6 /* Sources */ = {
			isa = PBXSourcesBuildPhase;
			buildActionMask = 2147483647;
			files = (
				344351ED28F6C0FE00C362E6 /* VolumeControlUITestsLaunchTests.swift in Sources */,
				344351EB28F6C0FE00C362E6 /* VolumeControlUITests.swift in Sources */,
			);
			runOnlyForDeploymentPostprocessing = 0;
		};
/* End PBXSourcesBuildPhase section */

/* Begin PBXTargetDependency section */
		344351DE28F6C0FE00C362E6 /* PBXTargetDependency */ = {
			isa = PBXTargetDependency;
			target = 344351CB28F6C0FC00C362E6 /* VolumeControl */;
			targetProxy = 344351DD28F6C0FE00C362E6 /* PBXContainerItemProxy */;
		};
		344351E828F6C0FE00C362E6 /* PBXTargetDependency */ = {
			isa = PBXTargetDependency;
			target = 344351CB28F6C0FC00C362E6 /* VolumeControl */;
			targetProxy = 344351E728F6C0FE00C362E6 /* PBXContainerItemProxy */;
		};
/* End PBXTargetDependency section */

/* Begin XCBuildConfiguration section */
		344351EE28F6C0FE00C362E6 /* Debug */ = {
			isa = XCBuildConfiguration;
			buildSettings = {
				ALWAYS_SEARCH_USER_PATHS = NO;
				CLANG_ANALYZER_NONNULL = YES;
				CLANG_ANALYZER_NUMBER_OBJECT_CONVERSION = YES_AGGRESSIVE;
				CLANG_CXX_LANGUAGE_STANDARD = "gnu++20";
				CLANG_ENABLE_MODULES = YES;
				CLANG_ENABLE_OBJC_ARC = YES;
				CLANG_ENABLE_OBJC_WEAK = YES;
				CLANG_WARN_BLOCK_CAPTURE_AUTORELEASING = YES;
				CLANG_WARN_BOOL_CONVERSION = YES;
				CLANG_WARN_COMMA = YES;
				CLANG_WARN_CONSTANT_CONVERSION = YES;
				CLANG_WARN_DEPRECATED_OBJC_IMPLEMENTATIONS = YES;
				CLANG_WARN_DIRECT_OBJC_ISA_USAGE = YES_ERROR;
				CLANG_WARN_DOCUMENTATION_COMMENTS = YES;
				CLANG_WARN_EMPTY_BODY = YES;
				CLANG_WARN_ENUM_CONVERSION = YES;
				CLANG_WARN_INFINITE_RECURSION = YES;
				CLANG_WARN_INT_CONVERSION = YES;
				CLANG_WARN_NON_LITERAL_NULL_CONVERSION = YES;
				CLANG_WARN_OBJC_IMPLICIT_RETAIN_SELF = YES;
				CLANG_WARN_OBJC_LITERAL_CONVERSION = YES;
				CLANG_WARN_OBJC_ROOT_CLASS = YES_ERROR;
				CLANG_WARN_QUOTED_INCLUDE_IN_FRAMEWORK_HEADER = YES;
				CLANG_WARN_RANGE_LOOP_ANALYSIS = YES;
				CLANG_WARN_STRICT_PROTOTYPES = YES;
				CLANG_WARN_SUSPICIOUS_MOVE = YES;
				CLANG_WARN_UNGUARDED_AVAILABILITY = YES_AGGRESSIVE;
				CLANG_WARN_UNREACHABLE_CODE = YES;
				CLANG_WARN__DUPLICATE_METHOD_MATCH = YES;
				COPY_PHASE_STRIP = NO;
				DEBUG_INFORMATION_FORMAT = dwarf;
				ENABLE_STRICT_OBJC_MSGSEND = YES;
				ENABLE_TESTABILITY = YES;
				GCC_C_LANGUAGE_STANDARD = gnu11;
				GCC_DYNAMIC_NO_PIC = NO;
				GCC_NO_COMMON_BLOCKS = YES;
				GCC_OPTIMIZATION_LEVEL = 0;
				GCC_PREPROCESSOR_DEFINITIONS = (
					"DEBUG=1",
					"$(inherited)",
				);
				GCC_WARN_64_TO_32_BIT_CONVERSION = YES;
				GCC_WARN_ABOUT_RETURN_TYPE = YES_ERROR;
				GCC_WARN_UNDECLARED_SELECTOR = YES;
				GCC_WARN_UNINITIALIZED_AUTOS = YES_AGGRESSIVE;
				GCC_WARN_UNUSED_FUNCTION = YES;
				GCC_WARN_UNUSED_VARIABLE = YES;
				IPHONEOS_DEPLOYMENT_TARGET = 16.0;
				MTL_ENABLE_DEBUG_INFO = INCLUDE_SOURCE;
				MTL_FAST_MATH = YES;
				ONLY_ACTIVE_ARCH = YES;
				SDKROOT = iphoneos;
				SWIFT_ACTIVE_COMPILATION_CONDITIONS = DEBUG;
				SWIFT_OPTIMIZATION_LEVEL = "-Onone";
			};
			name = Debug;
		};
		344351EF28F6C0FE00C362E6 /* Release */ = {
			isa = XCBuildConfiguration;
			buildSettings = {
				ALWAYS_SEARCH_USER_PATHS = NO;
				CLANG_ANALYZER_NONNULL = YES;
				CLANG_ANALYZER_NUMBER_OBJECT_CONVERSION = YES_AGGRESSIVE;
				CLANG_CXX_LANGUAGE_STANDARD = "gnu++20";
				CLANG_ENABLE_MODULES = YES;
				CLANG_ENABLE_OBJC_ARC = YES;
				CLANG_ENABLE_OBJC_WEAK = YES;
				CLANG_WARN_BLOCK_CAPTURE_AUTORELEASING = YES;
				CLANG_WARN_BOOL_CONVERSION = YES;
				CLANG_WARN_COMMA = YES;
				CLANG_WARN_CONSTANT_CONVERSION = YES;
				CLANG_WARN_DEPRECATED_OBJC_IMPLEMENTATIONS = YES;
				CLANG_WARN_DIRECT_OBJC_ISA_USAGE = YES_ERROR;
				CLANG_WARN_DOCUMENTATION_COMMENTS = YES;
				CLANG_WARN_EMPTY_BODY = YES;
				CLANG_WARN_ENUM_CONVERSION = YES;
				CLANG_WARN_INFINITE_RECURSION = YES;
				CLANG_WARN_INT_CONVERSION = YES;
				CLANG_WARN_NON_LITERAL_NULL_CONVERSION = YES;
				CLANG_WARN_OBJC_IMPLICIT_RETAIN_SELF = YES;
				CLANG_WARN_OBJC_LITERAL_CONVERSION = YES;
				CLANG_WARN_OBJC_ROOT_CLASS = YES_ERROR;
				CLANG_WARN_QUOTED_INCLUDE_IN_FRAMEWORK_HEADER = YES;
				CLANG_WARN_RANGE_LOOP_ANALYSIS = YES;
				CLANG_WARN_STRICT_PROTOTYPES = YES;
				CLANG_WARN_SUSPICIOUS_MOVE = YES;
				CLANG_WARN_UNGUARDED_AVAILABILITY = YES_AGGRESSIVE;
				CLANG_WARN_UNREACHABLE_CODE = YES;
				CLANG_WARN__DUPLICATE_METHOD_MATCH = YES;
				COPY_PHASE_STRIP = NO;
				DEBUG_INFORMATION_FORMAT = "dwarf-with-dsym";
				ENABLE_NS_ASSERTIONS = NO;
				ENABLE_STRICT_OBJC_MSGSEND = YES;
				GCC_C_LANGUAGE_STANDARD = gnu11;
				GCC_NO_COMMON_BLOCKS = YES;
				GCC_WARN_64_TO_32_BIT_CONVERSION = YES;
				GCC_WARN_ABOUT_RETURN_TYPE = YES_ERROR;
				GCC_WARN_UNDECLARED_SELECTOR = YES;
				GCC_WARN_UNINITIALIZED_AUTOS = YES_AGGRESSIVE;
				GCC_WARN_UNUSED_FUNCTION = YES;
				GCC_WARN_UNUSED_VARIABLE = YES;
				IPHONEOS_DEPLOYMENT_TARGET = 16.0;
				MTL_ENABLE_DEBUG_INFO = NO;
				MTL_FAST_MATH = YES;
				SDKROOT = iphoneos;
				SWIFT_COMPILATION_MODE = wholemodule;
				SWIFT_OPTIMIZATION_LEVEL = "-O";
				VALIDATE_PRODUCT = YES;
			};
			name = Release;
		};
		344351F128F6C0FE00C362E6 /* Debug */ = {
			isa = XCBuildConfiguration;
			buildSettings = {
				ASSETCATALOG_COMPILER_APPICON_NAME = AppIcon;
				ASSETCATALOG_COMPILER_GLOBAL_ACCENT_COLOR_NAME = AccentColor;
				CODE_SIGN_STYLE = Automatic;
				CURRENT_PROJECT_VERSION = 1;
				DEVELOPMENT_ASSET_PATHS = "\"VolumeControl/Preview Content\"";
				DEVELOPMENT_TEAM = 47666PXTH3;
				ENABLE_PREVIEWS = YES;
				GENERATE_INFOPLIST_FILE = YES;
				INFOPLIST_KEY_UIApplicationSceneManifest_Generation = YES;
				INFOPLIST_KEY_UIApplicationSupportsIndirectInputEvents = YES;
				INFOPLIST_KEY_UILaunchScreen_Generation = YES;
				INFOPLIST_KEY_UISupportedInterfaceOrientations_iPad = "UIInterfaceOrientationPortrait UIInterfaceOrientationPortraitUpsideDown UIInterfaceOrientationLandscapeLeft UIInterfaceOrientationLandscapeRight";
				INFOPLIST_KEY_UISupportedInterfaceOrientations_iPhone = "UIInterfaceOrientationPortrait UIInterfaceOrientationLandscapeLeft UIInterfaceOrientationLandscapeRight";
				LD_RUNPATH_SEARCH_PATHS = (
					"$(inherited)",
					"@executable_path/Frameworks",
				);
				MARKETING_VERSION = 1.0;
				PRODUCT_BUNDLE_IDENTIFIER = com.marcelsalej.VolumeControl;
				PRODUCT_NAME = "$(TARGET_NAME)";
				SWIFT_EMIT_LOC_STRINGS = YES;
				SWIFT_VERSION = 5.0;
				TARGETED_DEVICE_FAMILY = "1,2";
			};
			name = Debug;
		};
		344351F228F6C0FE00C362E6 /* Release */ = {
			isa = XCBuildConfiguration;
			buildSettings = {
				ASSETCATALOG_COMPILER_APPICON_NAME = AppIcon;
				ASSETCATALOG_COMPILER_GLOBAL_ACCENT_COLOR_NAME = AccentColor;
				CODE_SIGN_STYLE = Automatic;
				CURRENT_PROJECT_VERSION = 1;
				DEVELOPMENT_ASSET_PATHS = "\"VolumeControl/Preview Content\"";
				DEVELOPMENT_TEAM = 47666PXTH3;
				ENABLE_PREVIEWS = YES;
				GENERATE_INFOPLIST_FILE = YES;
				INFOPLIST_KEY_UIApplicationSceneManifest_Generation = YES;
				INFOPLIST_KEY_UIApplicationSupportsIndirectInputEvents = YES;
				INFOPLIST_KEY_UILaunchScreen_Generation = YES;
				INFOPLIST_KEY_UISupportedInterfaceOrientations_iPad = "UIInterfaceOrientationPortrait UIInterfaceOrientationPortraitUpsideDown UIInterfaceOrientationLandscapeLeft UIInterfaceOrientationLandscapeRight";
				INFOPLIST_KEY_UISupportedInterfaceOrientations_iPhone = "UIInterfaceOrientationPortrait UIInterfaceOrientationLandscapeLeft UIInterfaceOrientationLandscapeRight";
				LD_RUNPATH_SEARCH_PATHS = (
					"$(inherited)",
					"@executable_path/Frameworks",
				);
				MARKETING_VERSION = 1.0;
				PRODUCT_BUNDLE_IDENTIFIER = com.marcelsalej.VolumeControl;
				PRODUCT_NAME = "$(TARGET_NAME)";
				SWIFT_EMIT_LOC_STRINGS = YES;
				SWIFT_VERSION = 5.0;
				TARGETED_DEVICE_FAMILY = "1,2";
			};
			name = Release;
		};
		344351F428F6C0FE00C362E6 /* Debug */ = {
			isa = XCBuildConfiguration;
			buildSettings = {
				ALWAYS_EMBED_SWIFT_STANDARD_LIBRARIES = YES;
				BUNDLE_LOADER = "$(TEST_HOST)";
				CODE_SIGN_STYLE = Automatic;
				CURRENT_PROJECT_VERSION = 1;
				DEVELOPMENT_TEAM = 47666PXTH3;
				GENERATE_INFOPLIST_FILE = YES;
				IPHONEOS_DEPLOYMENT_TARGET = 16.0;
				MARKETING_VERSION = 1.0;
				PRODUCT_BUNDLE_IDENTIFIER = com.marcelsalej.VolumeControlTests;
				PRODUCT_NAME = "$(TARGET_NAME)";
				SWIFT_EMIT_LOC_STRINGS = NO;
				SWIFT_VERSION = 5.0;
				TARGETED_DEVICE_FAMILY = "1,2";
				TEST_HOST = "$(BUILT_PRODUCTS_DIR)/VolumeControl.app/$(BUNDLE_EXECUTABLE_FOLDER_PATH)/VolumeControl";
			};
			name = Debug;
		};
		344351F528F6C0FE00C362E6 /* Release */ = {
			isa = XCBuildConfiguration;
			buildSettings = {
				ALWAYS_EMBED_SWIFT_STANDARD_LIBRARIES = YES;
				BUNDLE_LOADER = "$(TEST_HOST)";
				CODE_SIGN_STYLE = Automatic;
				CURRENT_PROJECT_VERSION = 1;
				DEVELOPMENT_TEAM = 47666PXTH3;
				GENERATE_INFOPLIST_FILE = YES;
				IPHONEOS_DEPLOYMENT_TARGET = 16.0;
				MARKETING_VERSION = 1.0;
				PRODUCT_BUNDLE_IDENTIFIER = com.marcelsalej.VolumeControlTests;
				PRODUCT_NAME = "$(TARGET_NAME)";
				SWIFT_EMIT_LOC_STRINGS = NO;
				SWIFT_VERSION = 5.0;
				TARGETED_DEVICE_FAMILY = "1,2";
				TEST_HOST = "$(BUILT_PRODUCTS_DIR)/VolumeControl.app/$(BUNDLE_EXECUTABLE_FOLDER_PATH)/VolumeControl";
			};
			name = Release;
		};
		344351F728F6C0FE00C362E6 /* Debug */ = {
			isa = XCBuildConfiguration;
			buildSettings = {
				ALWAYS_EMBED_SWIFT_STANDARD_LIBRARIES = YES;
				CODE_SIGN_STYLE = Automatic;
				CURRENT_PROJECT_VERSION = 1;
				DEVELOPMENT_TEAM = 47666PXTH3;
				GENERATE_INFOPLIST_FILE = YES;
				MARKETING_VERSION = 1.0;
				PRODUCT_BUNDLE_IDENTIFIER = com.marcelsalej.VolumeControlUITests;
				PRODUCT_NAME = "$(TARGET_NAME)";
				SWIFT_EMIT_LOC_STRINGS = NO;
				SWIFT_VERSION = 5.0;
				TARGETED_DEVICE_FAMILY = "1,2";
				TEST_TARGET_NAME = VolumeControl;
			};
			name = Debug;
		};
		344351F828F6C0FE00C362E6 /* Release */ = {
			isa = XCBuildConfiguration;
			buildSettings = {
				ALWAYS_EMBED_SWIFT_STANDARD_LIBRARIES = YES;
				CODE_SIGN_STYLE = Automatic;
				CURRENT_PROJECT_VERSION = 1;
				DEVELOPMENT_TEAM = 47666PXTH3;
				GENERATE_INFOPLIST_FILE = YES;
				MARKETING_VERSION = 1.0;
				PRODUCT_BUNDLE_IDENTIFIER = com.marcelsalej.VolumeControlUITests;
				PRODUCT_NAME = "$(TARGET_NAME)";
				SWIFT_EMIT_LOC_STRINGS = NO;
				SWIFT_VERSION = 5.0;
				TARGETED_DEVICE_FAMILY = "1,2";
				TEST_TARGET_NAME = VolumeControl;
			};
			name = Release;
		};
/* End XCBuildConfiguration section */

/* Begin XCConfigurationList section */
		344351C728F6C0FC00C362E6 /* Build configuration list for PBXProject "VolumeControl" */ = {
			isa = XCConfigurationList;
			buildConfigurations = (
				344351EE28F6C0FE00C362E6 /* Debug */,
				344351EF28F6C0FE00C362E6 /* Release */,
			);
			defaultConfigurationIsVisible = 0;
			defaultConfigurationName = Release;
		};
		344351F028F6C0FE00C362E6 /* Build configuration list for PBXNativeTarget "VolumeControl" */ = {
			isa = XCConfigurationList;
			buildConfigurations = (
				344351F128F6C0FE00C362E6 /* Debug */,
				344351F228F6C0FE00C362E6 /* Release */,
			);
			defaultConfigurationIsVisible = 0;
			defaultConfigurationName = Release;
		};
		344351F328F6C0FE00C362E6 /* Build configuration list for PBXNativeTarget "VolumeControlTests" */ = {
			isa = XCConfigurationList;
			buildConfigurations = (
				344351F428F6C0FE00C362E6 /* Debug */,
				344351F528F6C0FE00C362E6 /* Release */,
			);
			defaultConfigurationIsVisible = 0;
			defaultConfigurationName = Release;
		};
		344351F628F6C0FE00C362E6 /* Build configuration list for PBXNativeTarget "VolumeControlUITests" */ = {
			isa = XCConfigurationList;
			buildConfigurations = (
				344351F728F6C0FE00C362E6 /* Debug */,
				344351F828F6C0FE00C362E6 /* Release */,
			);
			defaultConfigurationIsVisible = 0;
			defaultConfigurationName = Release;
		};
/* End XCConfigurationList section */
	};
	rootObject = 344351C428F6C0FC00C362E6 /* Project object */;
}
